
Microsoft Visual Studio Solution File, Format Version 12.00
# Visual Studio 15
VisualStudioVersion = 15.0.27130.2020
MinimumVisualStudioVersion = 10.0.40219.1
Project("{FAE04EC0-301F-11D3-BF4B-00C04F79EFBC}") = "TabNavigation", "TabNavigation\TabNavigation\TabNavigation.csproj", "{4A76FE61-9995-4BE7-8BCE-E98088C06580}"
EndProject
Project("{FAE04EC0-301F-11D3-BF4B-00C04F79EFBC}") = "TabNavigation.Android", "TabNavigation\TabNavigation.Android\TabNavigation.Android.csproj", "{392F8EDE-91A4-46FF-A47C-40161261B77D}"
EndProject
Project("{FAE04EC0-301F-11D3-BF4B-00C04F79EFBC}") = "TabNavigation.iOS", "TabNavigation\TabNavigation.iOS\TabNavigation.iOS.csproj", "{DDDEC033-FBAC-446D-9C05-335350460A1B}"
EndProject
Project("{FAE04EC0-301F-11D3-BF4B-00C04F79EFBC}") = "TabNavigation.UWP", "TabNavigation\TabNavigation.UWP\TabNavigation.UWP.csproj", "{1CD662F2-AFD6-4003-9D83-ADE41D157169}"
EndProject
Global
	GlobalSection(SolutionConfigurationPlatforms) = preSolution
		Ad-Hoc|Any CPU = Ad-Hoc|Any CPU
		Ad-Hoc|ARM = Ad-Hoc|ARM
		Ad-Hoc|iPhone = Ad-Hoc|iPhone
		Ad-Hoc|iPhoneSimulator = Ad-Hoc|iPhoneSimulator
		Ad-Hoc|x64 = Ad-Hoc|x64
		Ad-Hoc|x86 = Ad-Hoc|x86
		AppStore|Any CPU = AppStore|Any CPU
		AppStore|ARM = AppStore|ARM
		AppStore|iPhone = AppStore|iPhone
		AppStore|iPhoneSimulator = AppStore|iPhoneSimulator
		AppStore|x64 = AppStore|x64
		AppStore|x86 = AppStore|x86
		Debug|Any CPU = Debug|Any CPU
		Debug|ARM = Debug|ARM
		Debug|iPhone = Debug|iPhone
		Debug|iPhoneSimulator = Debug|iPhoneSimulator
		Debug|x64 = Debug|x64
		Debug|x86 = Debug|x86
		Release|Any CPU = Release|Any CPU
		Release|ARM = Release|ARM
		Release|iPhone = Release|iPhone
		Release|iPhoneSimulator = Release|iPhoneSimulator
		Release|x64 = Release|x64
		Release|x86 = Release|x86
	EndGlobalSection
	GlobalSection(ProjectConfigurationPlatforms) = postSolution
		{4A76FE61-9995-4BE7-8BCE-E98088C06580}.Ad-Hoc|Any CPU.ActiveCfg = Debug|Any CPU
		{4A76FE61-9995-4BE7-8BCE-E98088C06580}.Ad-Hoc|Any CPU.Build.0 = Debug|Any CPU
		{4A76FE61-9995-4BE7-8BCE-E98088C06580}.Ad-Hoc|ARM.ActiveCfg = Debug|Any CPU
		{4A76FE61-9995-4BE7-8BCE-E98088C06580}.Ad-Hoc|ARM.Build.0 = Debug|Any CPU
		{4A76FE61-9995-4BE7-8BCE-E98088C06580}.Ad-Hoc|iPhone.ActiveCfg = Debug|Any CPU
		{4A76FE61-9995-4BE7-8BCE-E98088C06580}.Ad-Hoc|iPhone.Build.0 = Debug|Any CPU
		{4A76FE61-9995-4BE7-8BCE-E98088C06580}.Ad-Hoc|iPhoneSimulator.ActiveCfg = Debug|Any CPU
		{4A76FE61-9995-4BE7-8BCE-E98088C06580}.Ad-Hoc|iPhoneSimulator.Build.0 = Debug|Any CPU
		{4A76FE61-9995-4BE7-8BCE-E98088C06580}.Ad-Hoc|x64.ActiveCfg = Debug|Any CPU
		{4A76FE61-9995-4BE7-8BCE-E98088C06580}.Ad-Hoc|x64.Build.0 = Debug|Any CPU
		{4A76FE61-9995-4BE7-8BCE-E98088C06580}.Ad-Hoc|x86.ActiveCfg = Debug|Any CPU
		{4A76FE61-9995-4BE7-8BCE-E98088C06580}.Ad-Hoc|x86.Build.0 = Debug|Any CPU
		{4A76FE61-9995-4BE7-8BCE-E98088C06580}.AppStore|Any CPU.ActiveCfg = Debug|Any CPU
		{4A76FE61-9995-4BE7-8BCE-E98088C06580}.AppStore|Any CPU.Build.0 = Debug|Any CPU
		{4A76FE61-9995-4BE7-8BCE-E98088C06580}.AppStore|ARM.ActiveCfg = Debug|Any CPU
		{4A76FE61-9995-4BE7-8BCE-E98088C06580}.AppStore|ARM.Build.0 = Debug|Any CPU
		{4A76FE61-9995-4BE7-8BCE-E98088C06580}.AppStore|iPhone.ActiveCfg = Debug|Any CPU
		{4A76FE61-9995-4BE7-8BCE-E98088C06580}.AppStore|iPhone.Build.0 = Debug|Any CPU
		{4A76FE61-9995-4BE7-8BCE-E98088C06580}.AppStore|iPhoneSimulator.ActiveCfg = Debug|Any CPU
		{4A76FE61-9995-4BE7-8BCE-E98088C06580}.AppStore|iPhoneSimulator.Build.0 = Debug|Any CPU
		{4A76FE61-9995-4BE7-8BCE-E98088C06580}.AppStore|x64.ActiveCfg = Debug|Any CPU
		{4A76FE61-9995-4BE7-8BCE-E98088C06580}.AppStore|x64.Build.0 = Debug|Any CPU
		{4A76FE61-9995-4BE7-8BCE-E98088C06580}.AppStore|x86.ActiveCfg = Debug|Any CPU
		{4A76FE61-9995-4BE7-8BCE-E98088C06580}.AppStore|x86.Build.0 = Debug|Any CPU
		{4A76FE61-9995-4BE7-8BCE-E98088C06580}.Debug|Any CPU.ActiveCfg = Debug|Any CPU
		{4A76FE61-9995-4BE7-8BCE-E98088C06580}.Debug|Any CPU.Build.0 = Debug|Any CPU
		{4A76FE61-9995-4BE7-8BCE-E98088C06580}.Debug|ARM.ActiveCfg = Debug|Any CPU
		{4A76FE61-9995-4BE7-8BCE-E98088C06580}.Debug|ARM.Build.0 = Debug|Any CPU
		{4A76FE61-9995-4BE7-8BCE-E98088C06580}.Debug|iPhone.ActiveCfg = Debug|Any CPU
		{4A76FE61-9995-4BE7-8BCE-E98088C06580}.Debug|iPhone.Build.0 = Debug|Any CPU
		{4A76FE61-9995-4BE7-8BCE-E98088C06580}.Debug|iPhoneSimulator.ActiveCfg = Debug|Any CPU
		{4A76FE61-9995-4BE7-8BCE-E98088C06580}.Debug|iPhoneSimulator.Build.0 = Debug|Any CPU
		{4A76FE61-9995-4BE7-8BCE-E98088C06580}.Debug|x64.ActiveCfg = Debug|Any CPU
		{4A76FE61-9995-4BE7-8BCE-E98088C06580}.Debug|x64.Build.0 = Debug|Any CPU
		{4A76FE61-9995-4BE7-8BCE-E98088C06580}.Debug|x86.ActiveCfg = Debug|Any CPU
		{4A76FE61-9995-4BE7-8BCE-E98088C06580}.Debug|x86.Build.0 = Debug|Any CPU
		{4A76FE61-9995-4BE7-8BCE-E98088C06580}.Release|Any CPU.ActiveCfg = Release|Any CPU
		{4A76FE61-9995-4BE7-8BCE-E98088C06580}.Release|Any CPU.Build.0 = Release|Any CPU
		{4A76FE61-9995-4BE7-8BCE-E98088C06580}.Release|ARM.ActiveCfg = Release|Any CPU
		{4A76FE61-9995-4BE7-8BCE-E98088C06580}.Release|ARM.Build.0 = Release|Any CPU
		{4A76FE61-9995-4BE7-8BCE-E98088C06580}.Release|iPhone.ActiveCfg = Release|Any CPU
		{4A76FE61-9995-4BE7-8BCE-E98088C06580}.Release|iPhone.Build.0 = Release|Any CPU
		{4A76FE61-9995-4BE7-8BCE-E98088C06580}.Release|iPhoneSimulator.ActiveCfg = Release|Any CPU
		{4A76FE61-9995-4BE7-8BCE-E98088C06580}.Release|iPhoneSimulator.Build.0 = Release|Any CPU
		{4A76FE61-9995-4BE7-8BCE-E98088C06580}.Release|x64.ActiveCfg = Release|Any CPU
		{4A76FE61-9995-4BE7-8BCE-E98088C06580}.Release|x64.Build.0 = Release|Any CPU
		{4A76FE61-9995-4BE7-8BCE-E98088C06580}.Release|x86.ActiveCfg = Release|Any CPU
		{4A76FE61-9995-4BE7-8BCE-E98088C06580}.Release|x86.Build.0 = Release|Any CPU
		{392F8EDE-91A4-46FF-A47C-40161261B77D}.Ad-Hoc|Any CPU.ActiveCfg = Release|Any CPU
		{392F8EDE-91A4-46FF-A47C-40161261B77D}.Ad-Hoc|Any CPU.Build.0 = Release|Any CPU
		{392F8EDE-91A4-46FF-A47C-40161261B77D}.Ad-Hoc|Any CPU.Deploy.0 = Release|Any CPU
		{392F8EDE-91A4-46FF-A47C-40161261B77D}.Ad-Hoc|ARM.ActiveCfg = Release|Any CPU
		{392F8EDE-91A4-46FF-A47C-40161261B77D}.Ad-Hoc|ARM.Build.0 = Release|Any CPU
		{392F8EDE-91A4-46FF-A47C-40161261B77D}.Ad-Hoc|ARM.Deploy.0 = Release|Any CPU
		{392F8EDE-91A4-46FF-A47C-40161261B77D}.Ad-Hoc|iPhone.ActiveCfg = Release|Any CPU
		{392F8EDE-91A4-46FF-A47C-40161261B77D}.Ad-Hoc|iPhone.Build.0 = Release|Any CPU
		{392F8EDE-91A4-46FF-A47C-40161261B77D}.Ad-Hoc|iPhone.Deploy.0 = Release|Any CPU
		{392F8EDE-91A4-46FF-A47C-40161261B77D}.Ad-Hoc|iPhoneSimulator.ActiveCfg = Release|Any CPU
		{392F8EDE-91A4-46FF-A47C-40161261B77D}.Ad-Hoc|iPhoneSimulator.Build.0 = Release|Any CPU
		{392F8EDE-91A4-46FF-A47C-40161261B77D}.Ad-Hoc|iPhoneSimulator.Deploy.0 = Release|Any CPU
		{392F8EDE-91A4-46FF-A47C-40161261B77D}.Ad-Hoc|x64.ActiveCfg = Release|Any CPU
		{392F8EDE-91A4-46FF-A47C-40161261B77D}.Ad-Hoc|x64.Build.0 = Release|Any CPU
		{392F8EDE-91A4-46FF-A47C-40161261B77D}.Ad-Hoc|x64.Deploy.0 = Release|Any CPU
		{392F8EDE-91A4-46FF-A47C-40161261B77D}.Ad-Hoc|x86.ActiveCfg = Release|Any CPU
		{392F8EDE-91A4-46FF-A47C-40161261B77D}.Ad-Hoc|x86.Build.0 = Release|Any CPU
		{392F8EDE-91A4-46FF-A47C-40161261B77D}.Ad-Hoc|x86.Deploy.0 = Release|Any CPU
		{392F8EDE-91A4-46FF-A47C-40161261B77D}.AppStore|Any CPU.ActiveCfg = Release|Any CPU
		{392F8EDE-91A4-46FF-A47C-40161261B77D}.AppStore|Any CPU.Build.0 = Release|Any CPU
		{392F8EDE-91A4-46FF-A47C-40161261B77D}.AppStore|Any CPU.Deploy.0 = Release|Any CPU
		{392F8EDE-91A4-46FF-A47C-40161261B77D}.AppStore|ARM.ActiveCfg = Release|Any CPU
		{392F8EDE-91A4-46FF-A47C-40161261B77D}.AppStore|ARM.Build.0 = Release|Any CPU
		{392F8EDE-91A4-46FF-A47C-40161261B77D}.AppStore|ARM.Deploy.0 = Release|Any CPU
		{392F8EDE-91A4-46FF-A47C-40161261B77D}.AppStore|iPhone.ActiveCfg = Release|Any CPU
		{392F8EDE-91A4-46FF-A47C-40161261B77D}.AppStore|iPhone.Build.0 = Release|Any CPU
		{392F8EDE-91A4-46FF-A47C-40161261B77D}.AppStore|iPhone.Deploy.0 = Release|Any CPU
		{392F8EDE-91A4-46FF-A47C-40161261B77D}.AppStore|iPhoneSimulator.ActiveCfg = Release|Any CPU
		{392F8EDE-91A4-46FF-A47C-40161261B77D}.AppStore|iPhoneSimulator.Build.0 = Release|Any CPU
		{392F8EDE-91A4-46FF-A47C-40161261B77D}.AppStore|iPhoneSimulator.Deploy.0 = Release|Any CPU
		{392F8EDE-91A4-46FF-A47C-40161261B77D}.AppStore|x64.ActiveCfg = Release|Any CPU
		{392F8EDE-91A4-46FF-A47C-40161261B77D}.AppStore|x64.Build.0 = Release|Any CPU
		{392F8EDE-91A4-46FF-A47C-40161261B77D}.AppStore|x64.Deploy.0 = Release|Any CPU
		{392F8EDE-91A4-46FF-A47C-40161261B77D}.AppStore|x86.ActiveCfg = Release|Any CPU
		{392F8EDE-91A4-46FF-A47C-40161261B77D}.AppStore|x86.Build.0 = Release|Any CPU
		{392F8EDE-91A4-46FF-A47C-40161261B77D}.AppStore|x86.Deploy.0 = Release|Any CPU
		{392F8EDE-91A4-46FF-A47C-40161261B77D}.Debug|Any CPU.ActiveCfg = Debug|Any CPU
		{392F8EDE-91A4-46FF-A47C-40161261B77D}.Debug|Any CPU.Build.0 = Debug|Any CPU
		{392F8EDE-91A4-46FF-A47C-40161261B77D}.Debug|Any CPU.Deploy.0 = Debug|Any CPU
		{392F8EDE-91A4-46FF-A47C-40161261B77D}.Debug|ARM.ActiveCfg = Debug|Any CPU
		{392F8EDE-91A4-46FF-A47C-40161261B77D}.Debug|ARM.Build.0 = Debug|Any CPU
		{392F8EDE-91A4-46FF-A47C-40161261B77D}.Debug|ARM.Deploy.0 = Debug|Any CPU
		{392F8EDE-91A4-46FF-A47C-40161261B77D}.Debug|iPhone.ActiveCfg = Debug|Any CPU
		{392F8EDE-91A4-46FF-A47C-40161261B77D}.Debug|iPhone.Build.0 = Debug|Any CPU
		{392F8EDE-91A4-46FF-A47C-40161261B77D}.Debug|iPhone.Deploy.0 = Debug|Any CPU
		{392F8EDE-91A4-46FF-A47C-40161261B77D}.Debug|iPhoneSimulator.ActiveCfg = Debug|Any CPU
		{392F8EDE-91A4-46FF-A47C-40161261B77D}.Debug|iPhoneSimulator.Build.0 = Debug|Any CPU
		{392F8EDE-91A4-46FF-A47C-40161261B77D}.Debug|iPhoneSimulator.Deploy.0 = Debug|Any CPU
		{392F8EDE-91A4-46FF-A47C-40161261B77D}.Debug|x64.ActiveCfg = Debug|Any CPU
		{392F8EDE-91A4-46FF-A47C-40161261B77D}.Debug|x64.Build.0 = Debug|Any CPU
		{392F8EDE-91A4-46FF-A47C-40161261B77D}.Debug|x64.Deploy.0 = Debug|Any CPU
		{392F8EDE-91A4-46FF-A47C-40161261B77D}.Debug|x86.ActiveCfg = Debug|Any CPU
		{392F8EDE-91A4-46FF-A47C-40161261B77D}.Debug|x86.Build.0 = Debug|Any CPU
		{392F8EDE-91A4-46FF-A47C-40161261B77D}.Debug|x86.Deploy.0 = Debug|Any CPU
		{392F8EDE-91A4-46FF-A47C-40161261B77D}.Release|Any CPU.ActiveCfg = Release|Any CPU
		{392F8EDE-91A4-46FF-A47C-40161261B77D}.Release|Any CPU.Build.0 = Release|Any CPU
		{392F8EDE-91A4-46FF-A47C-40161261B77D}.Release|Any CPU.Deploy.0 = Release|Any CPU
		{392F8EDE-91A4-46FF-A47C-40161261B77D}.Release|ARM.ActiveCfg = Release|Any CPU
		{392F8EDE-91A4-46FF-A47C-40161261B77D}.Release|ARM.Build.0 = Release|Any CPU
		{392F8EDE-91A4-46FF-A47C-40161261B77D}.Release|ARM.Deploy.0 = Release|Any CPU
		{392F8EDE-91A4-46FF-A47C-40161261B77D}.Release|iPhone.ActiveCfg = Release|Any CPU
		{392F8EDE-91A4-46FF-A47C-40161261B77D}.Release|iPhone.Build.0 = Release|Any CPU
		{392F8EDE-91A4-46FF-A47C-40161261B77D}.Release|iPhone.Deploy.0 = Release|Any CPU
		{392F8EDE-91A4-46FF-A47C-40161261B77D}.Release|iPhoneSimulator.ActiveCfg = Release|Any CPU
		{392F8EDE-91A4-46FF-A47C-40161261B77D}.Release|iPhoneSimulator.Build.0 = Release|Any CPU
		{392F8EDE-91A4-46FF-A47C-40161261B77D}.Release|iPhoneSimulator.Deploy.0 = Release|Any CPU
		{392F8EDE-91A4-46FF-A47C-40161261B77D}.Release|x64.ActiveCfg = Release|Any CPU
		{392F8EDE-91A4-46FF-A47C-40161261B77D}.Release|x64.Build.0 = Release|Any CPU
		{392F8EDE-91A4-46FF-A47C-40161261B77D}.Release|x64.Deploy.0 = Release|Any CPU
		{392F8EDE-91A4-46FF-A47C-40161261B77D}.Release|x86.ActiveCfg = Release|Any CPU
		{392F8EDE-91A4-46FF-A47C-40161261B77D}.Release|x86.Build.0 = Release|Any CPU
		{392F8EDE-91A4-46FF-A47C-40161261B77D}.Release|x86.Deploy.0 = Release|Any CPU
		{DDDEC033-FBAC-446D-9C05-335350460A1B}.Ad-Hoc|Any CPU.ActiveCfg = Ad-Hoc|iPhone
		{DDDEC033-FBAC-446D-9C05-335350460A1B}.Ad-Hoc|ARM.ActiveCfg = Ad-Hoc|iPhone
		{DDDEC033-FBAC-446D-9C05-335350460A1B}.Ad-Hoc|iPhone.ActiveCfg = Ad-Hoc|iPhone
		{DDDEC033-FBAC-446D-9C05-335350460A1B}.Ad-Hoc|iPhone.Build.0 = Ad-Hoc|iPhone
		{DDDEC033-FBAC-446D-9C05-335350460A1B}.Ad-Hoc|iPhoneSimulator.ActiveCfg = Ad-Hoc|iPhoneSimulator
		{DDDEC033-FBAC-446D-9C05-335350460A1B}.Ad-Hoc|iPhoneSimulator.Build.0 = Ad-Hoc|iPhoneSimulator
		{DDDEC033-FBAC-446D-9C05-335350460A1B}.Ad-Hoc|x64.ActiveCfg = Ad-Hoc|iPhone
		{DDDEC033-FBAC-446D-9C05-335350460A1B}.Ad-Hoc|x86.ActiveCfg = Ad-Hoc|iPhone
		{DDDEC033-FBAC-446D-9C05-335350460A1B}.AppStore|Any CPU.ActiveCfg = AppStore|iPhone
		{DDDEC033-FBAC-446D-9C05-335350460A1B}.AppStore|ARM.ActiveCfg = AppStore|iPhone
		{DDDEC033-FBAC-446D-9C05-335350460A1B}.AppStore|iPhone.ActiveCfg = AppStore|iPhone
		{DDDEC033-FBAC-446D-9C05-335350460A1B}.AppStore|iPhone.Build.0 = AppStore|iPhone
		{DDDEC033-FBAC-446D-9C05-335350460A1B}.AppStore|iPhoneSimulator.ActiveCfg = AppStore|iPhoneSimulator
		{DDDEC033-FBAC-446D-9C05-335350460A1B}.AppStore|iPhoneSimulator.Build.0 = AppStore|iPhoneSimulator
		{DDDEC033-FBAC-446D-9C05-335350460A1B}.AppStore|x64.ActiveCfg = AppStore|iPhone
		{DDDEC033-FBAC-446D-9C05-335350460A1B}.AppStore|x86.ActiveCfg = AppStore|iPhone
		{DDDEC033-FBAC-446D-9C05-335350460A1B}.Debug|Any CPU.ActiveCfg = Debug|iPhone
		{DDDEC033-FBAC-446D-9C05-335350460A1B}.Debug|ARM.ActiveCfg = Debug|iPhone
		{DDDEC033-FBAC-446D-9C05-335350460A1B}.Debug|iPhone.ActiveCfg = Debug|iPhone
		{DDDEC033-FBAC-446D-9C05-335350460A1B}.Debug|iPhone.Build.0 = Debug|iPhone
		{DDDEC033-FBAC-446D-9C05-335350460A1B}.Debug|iPhoneSimulator.ActiveCfg = Debug|iPhoneSimulator
		{DDDEC033-FBAC-446D-9C05-335350460A1B}.Debug|iPhoneSimulator.Build.0 = Debug|iPhoneSimulator
		{DDDEC033-FBAC-446D-9C05-335350460A1B}.Debug|x64.ActiveCfg = Debug|iPhone
		{DDDEC033-FBAC-446D-9C05-335350460A1B}.Debug|x86.ActiveCfg = Debug|iPhone
		{DDDEC033-FBAC-446D-9C05-335350460A1B}.Release|Any CPU.ActiveCfg = Release|iPhone
		{DDDEC033-FBAC-446D-9C05-335350460A1B}.Release|ARM.ActiveCfg = Release|iPhone
		{DDDEC033-FBAC-446D-9C05-335350460A1B}.Release|iPhone.ActiveCfg = Release|iPhone
		{DDDEC033-FBAC-446D-9C05-335350460A1B}.Release|iPhone.Build.0 = Release|iPhone
		{DDDEC033-FBAC-446D-9C05-335350460A1B}.Release|iPhoneSimulator.ActiveCfg = Release|iPhoneSimulator
		{DDDEC033-FBAC-446D-9C05-335350460A1B}.Release|iPhoneSimulator.Build.0 = Release|iPhoneSimulator
		{DDDEC033-FBAC-446D-9C05-335350460A1B}.Release|x64.ActiveCfg = Release|iPhone
		{DDDEC033-FBAC-446D-9C05-335350460A1B}.Release|x86.ActiveCfg = Release|iPhone
		{1CD662F2-AFD6-4003-9D83-ADE41D157169}.Ad-Hoc|Any CPU.ActiveCfg = Release|x86
		{1CD662F2-AFD6-4003-9D83-ADE41D157169}.Ad-Hoc|Any CPU.Build.0 = Release|x86
		{1CD662F2-AFD6-4003-9D83-ADE41D157169}.Ad-Hoc|Any CPU.Deploy.0 = Release|x86
		{1CD662F2-AFD6-4003-9D83-ADE41D157169}.Ad-Hoc|ARM.ActiveCfg = Release|ARM
		{1CD662F2-AFD6-4003-9D83-ADE41D157169}.Ad-Hoc|ARM.Build.0 = Release|ARM
		{1CD662F2-AFD6-4003-9D83-ADE41D157169}.Ad-Hoc|ARM.Deploy.0 = Release|ARM
		{1CD662F2-AFD6-4003-9D83-ADE41D157169}.Ad-Hoc|iPhone.ActiveCfg = Release|x86
		{1CD662F2-AFD6-4003-9D83-ADE41D157169}.Ad-Hoc|iPhone.Build.0 = Release|x86
		{1CD662F2-AFD6-4003-9D83-ADE41D157169}.Ad-Hoc|iPhone.Deploy.0 = Release|x86
		{1CD662F2-AFD6-4003-9D83-ADE41D157169}.Ad-Hoc|iPhoneSimulator.ActiveCfg = Release|x86
		{1CD662F2-AFD6-4003-9D83-ADE41D157169}.Ad-Hoc|iPhoneSimulator.Build.0 = Release|x86
		{1CD662F2-AFD6-4003-9D83-ADE41D157169}.Ad-Hoc|iPhoneSimulator.Deploy.0 = Release|x86
		{1CD662F2-AFD6-4003-9D83-ADE41D157169}.Ad-Hoc|x64.ActiveCfg = Release|x64
		{1CD662F2-AFD6-4003-9D83-ADE41D157169}.Ad-Hoc|x64.Build.0 = Release|x64
		{1CD662F2-AFD6-4003-9D83-ADE41D157169}.Ad-Hoc|x64.Deploy.0 = Release|x64
		{1CD662F2-AFD6-4003-9D83-ADE41D157169}.Ad-Hoc|x86.ActiveCfg = Release|x86
		{1CD662F2-AFD6-4003-9D83-ADE41D157169}.Ad-Hoc|x86.Build.0 = Release|x86
		{1CD662F2-AFD6-4003-9D83-ADE41D157169}.Ad-Hoc|x86.Deploy.0 = Release|x86
		{1CD662F2-AFD6-4003-9D83-ADE41D157169}.AppStore|Any CPU.ActiveCfg = Release|x86
		{1CD662F2-AFD6-4003-9D83-ADE41D157169}.AppStore|Any CPU.Build.0 = Release|x86
		{1CD662F2-AFD6-4003-9D83-ADE41D157169}.AppStore|Any CPU.Deploy.0 = Release|x86
		{1CD662F2-AFD6-4003-9D83-ADE41D157169}.AppStore|ARM.ActiveCfg = Release|ARM
		{1CD662F2-AFD6-4003-9D83-ADE41D157169}.AppStore|ARM.Build.0 = Release|ARM
		{1CD662F2-AFD6-4003-9D83-ADE41D157169}.AppStore|ARM.Deploy.0 = Release|ARM
		{1CD662F2-AFD6-4003-9D83-ADE41D157169}.AppStore|iPhone.ActiveCfg = Release|x86
		{1CD662F2-AFD6-4003-9D83-ADE41D157169}.AppStore|iPhone.Build.0 = Release|x86
		{1CD662F2-AFD6-4003-9D83-ADE41D157169}.AppStore|iPhone.Deploy.0 = Release|x86
		{1CD662F2-AFD6-4003-9D83-ADE41D157169}.AppStore|iPhoneSimulator.ActiveCfg = Release|x86
		{1CD662F2-AFD6-4003-9D83-ADE41D157169}.AppStore|iPhoneSimulator.Build.0 = Release|x86
		{1CD662F2-AFD6-4003-9D83-ADE41D157169}.AppStore|iPhoneSimulator.Deploy.0 = Release|x86
		{1CD662F2-AFD6-4003-9D83-ADE41D157169}.AppStore|x64.ActiveCfg = Release|x64
		{1CD662F2-AFD6-4003-9D83-ADE41D157169}.AppStore|x64.Build.0 = Release|x64
		{1CD662F2-AFD6-4003-9D83-ADE41D157169}.AppStore|x64.Deploy.0 = Release|x64
		{1CD662F2-AFD6-4003-9D83-ADE41D157169}.AppStore|x86.ActiveCfg = Release|x86
		{1CD662F2-AFD6-4003-9D83-ADE41D157169}.AppStore|x86.Build.0 = Release|x86
		{1CD662F2-AFD6-4003-9D83-ADE41D157169}.AppStore|x86.Deploy.0 = Release|x86
		{1CD662F2-AFD6-4003-9D83-ADE41D157169}.Debug|Any CPU.ActiveCfg = Debug|x86
		{1CD662F2-AFD6-4003-9D83-ADE41D157169}.Debug|ARM.ActiveCfg = Debug|ARM
		{1CD662F2-AFD6-4003-9D83-ADE41D157169}.Debug|ARM.Build.0 = Debug|ARM
		{1CD662F2-AFD6-4003-9D83-ADE41D157169}.Debug|ARM.Deploy.0 = Debug|ARM
		{1CD662F2-AFD6-4003-9D83-ADE41D157169}.Debug|iPhone.ActiveCfg = Debug|x86
		{1CD662F2-AFD6-4003-9D83-ADE41D157169}.Debug|iPhoneSimulator.ActiveCfg = Debug|x86
		{1CD662F2-AFD6-4003-9D83-ADE41D157169}.Debug|x64.ActiveCfg = Debug|x64
		{1CD662F2-AFD6-4003-9D83-ADE41D157169}.Debug|x64.Build.0 = Debug|x64
		{1CD662F2-AFD6-4003-9D83-ADE41D157169}.Debug|x64.Deploy.0 = Debug|x64
		{1CD662F2-AFD6-4003-9D83-ADE41D157169}.Debug|x86.ActiveCfg = Debug|x86
		{1CD662F2-AFD6-4003-9D83-ADE41D157169}.Debug|x86.Build.0 = Debug|x86
		{1CD662F2-AFD6-4003-9D83-ADE41D157169}.Debug|x86.Deploy.0 = Debug|x86
		{1CD662F2-AFD6-4003-9D83-ADE41D157169}.Release|Any CPU.ActiveCfg = Release|x86
		{1CD662F2-AFD6-4003-9D83-ADE41D157169}.Release|ARM.ActiveCfg = Release|ARM
		{1CD662F2-AFD6-4003-9D83-ADE41D157169}.Release|ARM.Build.0 = Release|ARM
		{1CD662F2-AFD6-4003-9D83-ADE41D157169}.Release|ARM.Deploy.0 = Release|ARM
		{1CD662F2-AFD6-4003-9D83-ADE41D157169}.Release|iPhone.ActiveCfg = Release|x86
		{1CD662F2-AFD6-4003-9D83-ADE41D157169}.Release|iPhoneSimulator.ActiveCfg = Release|x86
		{1CD662F2-AFD6-4003-9D83-ADE41D157169}.Release|x64.ActiveCfg = Release|x64
		{1CD662F2-AFD6-4003-9D83-ADE41D157169}.Release|x64.Build.0 = Release|x64
		{1CD662F2-AFD6-4003-9D83-ADE41D157169}.Release|x64.Deploy.0 = Release|x64
		{1CD662F2-AFD6-4003-9D83-ADE41D157169}.Release|x86.ActiveCfg = Release|x86
		{1CD662F2-AFD6-4003-9D83-ADE41D157169}.Release|x86.Build.0 = Release|x86
		{1CD662F2-AFD6-4003-9D83-ADE41D157169}.Release|x86.Deploy.0 = Release|x86
	EndGlobalSection
	GlobalSection(SolutionProperties) = preSolution
		HideSolutionNode = FALSE
	EndGlobalSection
	GlobalSection(ExtensibilityGlobals) = postSolution
		SolutionGuid = {106AAFC0-0D67-4029-8954-18EBC2F33176}
	EndGlobalSection
EndGlobal
